// !$*UTF8*$!
{
	archiveVersion = 1;
	classes = {
	};
	objectVersion = 46;
	objects = {

/* Begin PBXBuildFile section */
		0DE131267CA0EA034DEB7FB6 /* libPods-ShoppingCart.a in Frameworks */ = {isa = PBXBuildFile; fileRef = B33C38E0F59D63794B2F77DF /* libPods-ShoppingCart.a */; };
		F303F9E91A925A2200582FE8 /* ZIMYapGoodsItem.m in Sources */ = {isa = PBXBuildFile; fileRef = F303F9E81A925A2200582FE8 /* ZIMYapGoodsItem.m */; };
		F303F9EC1A925A5500582FE8 /* ZIMYapListCategory.m in Sources */ = {isa = PBXBuildFile; fileRef = F303F9EB1A925A5500582FE8 /* ZIMYapListCategory.m */; };
		F303F9EF1A925C1800582FE8 /* ZIMYapDmListCategory.m in Sources */ = {isa = PBXBuildFile; fileRef = F303F9EE1A925C1800582FE8 /* ZIMYapDmListCategory.m */; };
		F303F9F91A9276BB00582FE8 /* ZIMStorageGoodsItem+ZIMYapRetrieving.m in Sources */ = {isa = PBXBuildFile; fileRef = F303F9F81A9276BB00582FE8 /* ZIMStorageGoodsItem+ZIMYapRetrieving.m */; };
		F303F9FF1A9359DD00582FE8 /* ZIMStorageCategory+ZIMYapRetrieving.m in Sources */ = {isa = PBXBuildFile; fileRef = F303F9FE1A9359DD00582FE8 /* ZIMStorageCategory+ZIMYapRetrieving.m */; };
		F303FA021A9364AD00582FE8 /* ZIMYapGoodsCatalogListController.m in Sources */ = {isa = PBXBuildFile; fileRef = F303FA011A9364AD00582FE8 /* ZIMYapGoodsCatalogListController.m */; };
		F303FA051A936C8600582FE8 /* ZIMGoodsCatalogViewController.m in Sources */ = {isa = PBXBuildFile; fileRef = F303FA041A936C8600582FE8 /* ZIMGoodsCatalogViewController.m */; };
		F303FA0B1A9388FC00582FE8 /* ZIMStorageShoppingCartItem+ZIMYapRetrieving.m in Sources */ = {isa = PBXBuildFile; fileRef = F303FA0A1A9388FC00582FE8 /* ZIMStorageShoppingCartItem+ZIMYapRetrieving.m */; };
		F303FA0E1A938A7700582FE8 /* ZIMYapStotage+ZIMShoppingListManipulations.m in Sources */ = {isa = PBXBuildFile; fileRef = F303FA0D1A938A7700582FE8 /* ZIMYapStotage+ZIMShoppingListManipulations.m */; };
		F303FA121A939B6F00582FE8 /* ZIMYapStotage.m in Sources */ = {isa = PBXBuildFile; fileRef = F303FA111A939B6F00582FE8 /* ZIMYapStotage.m */; };
		F30E04DF1A93C46900D4EB59 /* ZIMCartItemUndoneCellConfigurator.m in Sources */ = {isa = PBXBuildFile; fileRef = F30E04DE1A93C46900D4EB59 /* ZIMCartItemUndoneCellConfigurator.m */; };
		F30E04E21A93C4AE00D4EB59 /* ZIMCartItemCellConfigurator.m in Sources */ = {isa = PBXBuildFile; fileRef = F30E04E11A93C4AE00D4EB59 /* ZIMCartItemCellConfigurator.m */; };
		F30E04E51A93CB1900D4EB59 /* ZIMCartItemDoneCellConfigurator.m in Sources */ = {isa = PBXBuildFile; fileRef = F30E04E41A93CB1900D4EB59 /* ZIMCartItemDoneCellConfigurator.m */; };
		F30E04E81A93CBB100D4EB59 /* ZIMCartItemLaterCellConfigurator.m in Sources */ = {isa = PBXBuildFile; fileRef = F30E04E71A93CBB100D4EB59 /* ZIMCartItemLaterCellConfigurator.m */; };
		F33320E31A921C3400561ED9 /* main.m in Sources */ = {isa = PBXBuildFile; fileRef = F33320E21A921C3400561ED9 /* main.m */; };
		F33320E61A921C3400561ED9 /* AppDelegate.m in Sources */ = {isa = PBXBuildFile; fileRef = F33320E51A921C3400561ED9 /* AppDelegate.m */; };
		F33320EC1A921C3400561ED9 /* Main.storyboard in Resources */ = {isa = PBXBuildFile; fileRef = F33320EA1A921C3400561ED9 /* Main.storyboard */; };
		F33320EE1A921C3400561ED9 /* Images.xcassets in Resources */ = {isa = PBXBuildFile; fileRef = F33320ED1A921C3400561ED9 /* Images.xcassets */; };
		F33320F11A921C3400561ED9 /* LaunchScreen.xib in Resources */ = {isa = PBXBuildFile; fileRef = F33320EF1A921C3400561ED9 /* LaunchScreen.xib */; };
		F33320FD1A921C3400561ED9 /* ShoppingCartTests.m in Sources */ = {isa = PBXBuildFile; fileRef = F33320FC1A921C3400561ED9 /* ShoppingCartTests.m */; };
		F33321091A921CAC00561ED9 /* ZIMShoppingListViewController.m in Sources */ = {isa = PBXBuildFile; fileRef = F33321081A921CAC00561ED9 /* ZIMShoppingListViewController.m */; };
		F333210E1A921E0200561ED9 /* ZIMCartItemTableViewCell.m in Sources */ = {isa = PBXBuildFile; fileRef = F333210C1A921E0200561ED9 /* ZIMCartItemTableViewCell.m */; };
		F333210F1A921E0200561ED9 /* ZIMCartItemTableViewCell.xib in Resources */ = {isa = PBXBuildFile; fileRef = F333210D1A921E0200561ED9 /* ZIMCartItemTableViewCell.xib */; };
		F33321191A92257000561ED9 /* ZIMDMListItem.m in Sources */ = {isa = PBXBuildFile; fileRef = F33321181A92257000561ED9 /* ZIMDMListItem.m */; };
		F333211C1A92271100561ED9 /* ZIMDMListCategory.m in Sources */ = {isa = PBXBuildFile; fileRef = F333211B1A92271100561ED9 /* ZIMDMListCategory.m */; };
		F33321211A92296500561ED9 /* ZIMYapDmListItem.m in Sources */ = {isa = PBXBuildFile; fileRef = F33321201A92296500561ED9 /* ZIMYapDmListItem.m */; };
		F33321241A9229D200561ED9 /* ZIMYapShoppingCartListController.m in Sources */ = {isa = PBXBuildFile; fileRef = F33321231A9229D200561ED9 /* ZIMYapShoppingCartListController.m */; };
		F333212A1A92339C00561ED9 /* ZIMListControllersFabric.m in Sources */ = {isa = PBXBuildFile; fileRef = F33321291A92339C00561ED9 /* ZIMListControllersFabric.m */; };
		F333212D1A92351700561ED9 /* ZIMYapListControllerFablic.m in Sources */ = {isa = PBXBuildFile; fileRef = F333212C1A92351700561ED9 /* ZIMYapListControllerFablic.m */; };
		F33321301A923FF100561ED9 /* ZIMListChanges.m in Sources */ = {isa = PBXBuildFile; fileRef = F333212F1A923FF100561ED9 /* ZIMListChanges.m */; };
		F33321331A924B1C00561ED9 /* UITableViewController+ZIMListDelegateProtocol.m in Sources */ = {isa = PBXBuildFile; fileRef = F33321321A924B1C00561ED9 /* UITableViewController+ZIMListDelegateProtocol.m */; };
		F333213B1A9258CB00561ED9 /* ZIMYapListItem.m in Sources */ = {isa = PBXBuildFile; fileRef = F333213A1A9258CB00561ED9 /* ZIMYapListItem.m */; };
		F3A6FBD51A93D082009472A4 /* ZIMYapStotage+ZIMJSONDataImport.m in Sources */ = {isa = PBXBuildFile; fileRef = F3A6FBD41A93D082009472A4 /* ZIMYapStotage+ZIMJSONDataImport.m */; };
		F3A6FBD91A94DC5B009472A4 /* YapDatabaseViewConnection+ZIMGetChanges.m in Sources */ = {isa = PBXBuildFile; fileRef = F3A6FBD81A94DC5B009472A4 /* YapDatabaseViewConnection+ZIMGetChanges.m */; };
		F3A6FBDC1A94F392009472A4 /* ZIMAppearanceController.m in Sources */ = {isa = PBXBuildFile; fileRef = F3A6FBDB1A94F392009472A4 /* ZIMAppearanceController.m */; };
		F3A6FBE61A95DE7D009472A4 /* ZIMCatalogItemCell.m in Sources */ = {isa = PBXBuildFile; fileRef = F3A6FBE41A95DE7D009472A4 /* ZIMCatalogItemCell.m */; };
		F3A6FBE71A95DE7D009472A4 /* ZIMCatalogItemCell.xib in Resources */ = {isa = PBXBuildFile; fileRef = F3A6FBE51A95DE7D009472A4 /* ZIMCatalogItemCell.xib */; };
		F3A6FBE91A9613CB009472A4 /* testData.json in Resources */ = {isa = PBXBuildFile; fileRef = F3A6FBE81A9613CB009472A4 /* testData.json */; };
		F3B57C6B1A962E53000CB9E7 /* UIView+ZIMNibForViewClass.m in Sources */ = {isa = PBXBuildFile; fileRef = F3B57C6A1A962E53000CB9E7 /* UIView+ZIMNibForViewClass.m */; };
/* End PBXBuildFile section */

/* Begin PBXContainerItemProxy section */
		F33320F71A921C3400561ED9 /* PBXContainerItemProxy */ = {
			isa = PBXContainerItemProxy;
			containerPortal = F33320D51A921C3400561ED9 /* Project object */;
			proxyType = 1;
			remoteGlobalIDString = F33320DC1A921C3400561ED9;
			remoteInfo = ShoppingCart;
		};
/* End PBXContainerItemProxy section */

/* Begin PBXFileReference section */
		6857D680C1EE64BDAFE847BE /* Pods-ShoppingCart.debug.xcconfig */ = {isa = PBXFileReference; includeInIndex = 1; lastKnownFileType = text.xcconfig; name = "Pods-ShoppingCart.debug.xcconfig"; path = "Pods/Target Support Files/Pods-ShoppingCart/Pods-ShoppingCart.debug.xcconfig"; sourceTree = "<group>"; };
		792E599313CB0AD8540A6E10 /* Pods-ShoppingCart.release.xcconfig */ = {isa = PBXFileReference; includeInIndex = 1; lastKnownFileType = text.xcconfig; name = "Pods-ShoppingCart.release.xcconfig"; path = "Pods/Target Support Files/Pods-ShoppingCart/Pods-ShoppingCart.release.xcconfig"; sourceTree = "<group>"; };
		B33C38E0F59D63794B2F77DF /* libPods-ShoppingCart.a */ = {isa = PBXFileReference; explicitFileType = archive.ar; includeInIndex = 0; path = "libPods-ShoppingCart.a"; sourceTree = BUILT_PRODUCTS_DIR; };
		F303F9E71A925A2200582FE8 /* ZIMYapGoodsItem.h */ = {isa = PBXFileReference; fileEncoding = 4; lastKnownFileType = sourcecode.c.h; path = ZIMYapGoodsItem.h; sourceTree = "<group>"; };
		F303F9E81A925A2200582FE8 /* ZIMYapGoodsItem.m */ = {isa = PBXFileReference; fileEncoding = 4; lastKnownFileType = sourcecode.c.objc; path = ZIMYapGoodsItem.m; sourceTree = "<group>"; };
		F303F9EA1A925A5500582FE8 /* ZIMYapListCategory.h */ = {isa = PBXFileReference; fileEncoding = 4; lastKnownFileType = sourcecode.c.h; path = ZIMYapListCategory.h; sourceTree = "<group>"; };
		F303F9EB1A925A5500582FE8 /* ZIMYapListCategory.m */ = {isa = PBXFileReference; fileEncoding = 4; lastKnownFileType = sourcecode.c.objc; path = ZIMYapListCategory.m; sourceTree = "<group>"; };
		F303F9ED1A925C1800582FE8 /* ZIMYapDmListCategory.h */ = {isa = PBXFileReference; fileEncoding = 4; lastKnownFileType = sourcecode.c.h; path = ZIMYapDmListCategory.h; sourceTree = "<group>"; };
		F303F9EE1A925C1800582FE8 /* ZIMYapDmListCategory.m */ = {isa = PBXFileReference; fileEncoding = 4; lastKnownFileType = sourcecode.c.objc; path = ZIMYapDmListCategory.m; sourceTree = "<group>"; };
		F303F9F71A9276BB00582FE8 /* ZIMStorageGoodsItem+ZIMYapRetrieving.h */ = {isa = PBXFileReference; fileEncoding = 4; lastKnownFileType = sourcecode.c.h; path = "ZIMStorageGoodsItem+ZIMYapRetrieving.h"; sourceTree = "<group>"; };
		F303F9F81A9276BB00582FE8 /* ZIMStorageGoodsItem+ZIMYapRetrieving.m */ = {isa = PBXFileReference; fileEncoding = 4; lastKnownFileType = sourcecode.c.objc; path = "ZIMStorageGoodsItem+ZIMYapRetrieving.m"; sourceTree = "<group>"; };
		F303F9FD1A9359DD00582FE8 /* ZIMStorageCategory+ZIMYapRetrieving.h */ = {isa = PBXFileReference; fileEncoding = 4; lastKnownFileType = sourcecode.c.h; path = "ZIMStorageCategory+ZIMYapRetrieving.h"; sourceTree = "<group>"; };
		F303F9FE1A9359DD00582FE8 /* ZIMStorageCategory+ZIMYapRetrieving.m */ = {isa = PBXFileReference; fileEncoding = 4; lastKnownFileType = sourcecode.c.objc; path = "ZIMStorageCategory+ZIMYapRetrieving.m"; sourceTree = "<group>"; };
		F303FA001A9364AD00582FE8 /* ZIMYapGoodsCatalogListController.h */ = {isa = PBXFileReference; fileEncoding = 4; lastKnownFileType = sourcecode.c.h; path = ZIMYapGoodsCatalogListController.h; sourceTree = "<group>"; };
		F303FA011A9364AD00582FE8 /* ZIMYapGoodsCatalogListController.m */ = {isa = PBXFileReference; fileEncoding = 4; lastKnownFileType = sourcecode.c.objc; path = ZIMYapGoodsCatalogListController.m; sourceTree = "<group>"; };
		F303FA031A936C8600582FE8 /* ZIMGoodsCatalogViewController.h */ = {isa = PBXFileReference; fileEncoding = 4; lastKnownFileType = sourcecode.c.h; path = ZIMGoodsCatalogViewController.h; sourceTree = "<group>"; };
		F303FA041A936C8600582FE8 /* ZIMGoodsCatalogViewController.m */ = {isa = PBXFileReference; fileEncoding = 4; lastKnownFileType = sourcecode.c.objc; path = ZIMGoodsCatalogViewController.m; sourceTree = "<group>"; };
		F303FA091A9388FC00582FE8 /* ZIMStorageShoppingCartItem+ZIMYapRetrieving.h */ = {isa = PBXFileReference; fileEncoding = 4; lastKnownFileType = sourcecode.c.h; path = "ZIMStorageShoppingCartItem+ZIMYapRetrieving.h"; sourceTree = "<group>"; };
		F303FA0A1A9388FC00582FE8 /* ZIMStorageShoppingCartItem+ZIMYapRetrieving.m */ = {isa = PBXFileReference; fileEncoding = 4; lastKnownFileType = sourcecode.c.objc; path = "ZIMStorageShoppingCartItem+ZIMYapRetrieving.m"; sourceTree = "<group>"; };
		F303FA0C1A938A7700582FE8 /* ZIMYapStotage+ZIMShoppingListManipulations.h */ = {isa = PBXFileReference; fileEncoding = 4; lastKnownFileType = sourcecode.c.h; path = "ZIMYapStotage+ZIMShoppingListManipulations.h"; sourceTree = "<group>"; };
		F303FA0D1A938A7700582FE8 /* ZIMYapStotage+ZIMShoppingListManipulations.m */ = {isa = PBXFileReference; fileEncoding = 4; lastKnownFileType = sourcecode.c.objc; path = "ZIMYapStotage+ZIMShoppingListManipulations.m"; sourceTree = "<group>"; };
		F303FA101A939B6F00582FE8 /* ZIMYapStotage.h */ = {isa = PBXFileReference; fileEncoding = 4; lastKnownFileType = sourcecode.c.h; path = ZIMYapStotage.h; sourceTree = "<group>"; };
		F303FA111A939B6F00582FE8 /* ZIMYapStotage.m */ = {isa = PBXFileReference; fileEncoding = 4; lastKnownFileType = sourcecode.c.objc; path = ZIMYapStotage.m; sourceTree = "<group>"; };
		F30E04DD1A93C46900D4EB59 /* ZIMCartItemUndoneCellConfigurator.h */ = {isa = PBXFileReference; fileEncoding = 4; lastKnownFileType = sourcecode.c.h; path = ZIMCartItemUndoneCellConfigurator.h; sourceTree = "<group>"; };
		F30E04DE1A93C46900D4EB59 /* ZIMCartItemUndoneCellConfigurator.m */ = {isa = PBXFileReference; fileEncoding = 4; lastKnownFileType = sourcecode.c.objc; path = ZIMCartItemUndoneCellConfigurator.m; sourceTree = "<group>"; };
		F30E04E01A93C4AE00D4EB59 /* ZIMCartItemCellConfigurator.h */ = {isa = PBXFileReference; fileEncoding = 4; lastKnownFileType = sourcecode.c.h; path = ZIMCartItemCellConfigurator.h; sourceTree = "<group>"; };
		F30E04E11A93C4AE00D4EB59 /* ZIMCartItemCellConfigurator.m */ = {isa = PBXFileReference; fileEncoding = 4; lastKnownFileType = sourcecode.c.objc; path = ZIMCartItemCellConfigurator.m; sourceTree = "<group>"; };
		F30E04E31A93CB1900D4EB59 /* ZIMCartItemDoneCellConfigurator.h */ = {isa = PBXFileReference; fileEncoding = 4; lastKnownFileType = sourcecode.c.h; path = ZIMCartItemDoneCellConfigurator.h; sourceTree = "<group>"; };
		F30E04E41A93CB1900D4EB59 /* ZIMCartItemDoneCellConfigurator.m */ = {isa = PBXFileReference; fileEncoding = 4; lastKnownFileType = sourcecode.c.objc; path = ZIMCartItemDoneCellConfigurator.m; sourceTree = "<group>"; };
		F30E04E61A93CBB100D4EB59 /* ZIMCartItemLaterCellConfigurator.h */ = {isa = PBXFileReference; fileEncoding = 4; lastKnownFileType = sourcecode.c.h; path = ZIMCartItemLaterCellConfigurator.h; sourceTree = "<group>"; };
		F30E04E71A93CBB100D4EB59 /* ZIMCartItemLaterCellConfigurator.m */ = {isa = PBXFileReference; fileEncoding = 4; lastKnownFileType = sourcecode.c.objc; path = ZIMCartItemLaterCellConfigurator.m; sourceTree = "<group>"; };
		F33320DD1A921C3400561ED9 /* ShoppingCart.app */ = {isa = PBXFileReference; explicitFileType = wrapper.application; includeInIndex = 0; path = ShoppingCart.app; sourceTree = BUILT_PRODUCTS_DIR; };
		F33320E11A921C3400561ED9 /* Info.plist */ = {isa = PBXFileReference; lastKnownFileType = text.plist.xml; path = Info.plist; sourceTree = "<group>"; };
		F33320E21A921C3400561ED9 /* main.m */ = {isa = PBXFileReference; lastKnownFileType = sourcecode.c.objc; path = main.m; sourceTree = "<group>"; };
		F33320E41A921C3400561ED9 /* AppDelegate.h */ = {isa = PBXFileReference; lastKnownFileType = sourcecode.c.h; path = AppDelegate.h; sourceTree = "<group>"; };
		F33320E51A921C3400561ED9 /* AppDelegate.m */ = {isa = PBXFileReference; lastKnownFileType = sourcecode.c.objc; path = AppDelegate.m; sourceTree = "<group>"; };
		F33320EB1A921C3400561ED9 /* Base */ = {isa = PBXFileReference; lastKnownFileType = file.storyboard; name = Base; path = Base.lproj/Main.storyboard; sourceTree = "<group>"; };
		F33320ED1A921C3400561ED9 /* Images.xcassets */ = {isa = PBXFileReference; lastKnownFileType = folder.assetcatalog; path = Images.xcassets; sourceTree = "<group>"; };
		F33320F01A921C3400561ED9 /* Base */ = {isa = PBXFileReference; lastKnownFileType = file.xib; name = Base; path = Base.lproj/LaunchScreen.xib; sourceTree = "<group>"; };
		F33320F61A921C3400561ED9 /* ShoppingCartTests.xctest */ = {isa = PBXFileReference; explicitFileType = wrapper.cfbundle; includeInIndex = 0; path = ShoppingCartTests.xctest; sourceTree = BUILT_PRODUCTS_DIR; };
		F33320FB1A921C3400561ED9 /* Info.plist */ = {isa = PBXFileReference; lastKnownFileType = text.plist.xml; path = Info.plist; sourceTree = "<group>"; };
		F33320FC1A921C3400561ED9 /* ShoppingCartTests.m */ = {isa = PBXFileReference; lastKnownFileType = sourcecode.c.objc; path = ShoppingCartTests.m; sourceTree = "<group>"; };
		F33321071A921CAC00561ED9 /* ZIMShoppingListViewController.h */ = {isa = PBXFileReference; fileEncoding = 4; lastKnownFileType = sourcecode.c.h; name = ZIMShoppingListViewController.h; path = ViewControllers/ZIMShoppingListViewController.h; sourceTree = "<group>"; };
		F33321081A921CAC00561ED9 /* ZIMShoppingListViewController.m */ = {isa = PBXFileReference; fileEncoding = 4; lastKnownFileType = sourcecode.c.objc; name = ZIMShoppingListViewController.m; path = ViewControllers/ZIMShoppingListViewController.m; sourceTree = "<group>"; };
		F333210B1A921E0200561ED9 /* ZIMCartItemTableViewCell.h */ = {isa = PBXFileReference; fileEncoding = 4; lastKnownFileType = sourcecode.c.h; name = ZIMCartItemTableViewCell.h; path = Views/ZIMCartItemTableViewCell.h; sourceTree = "<group>"; };
		F333210C1A921E0200561ED9 /* ZIMCartItemTableViewCell.m */ = {isa = PBXFileReference; fileEncoding = 4; lastKnownFileType = sourcecode.c.objc; name = ZIMCartItemTableViewCell.m; path = Views/ZIMCartItemTableViewCell.m; sourceTree = "<group>"; };
		F333210D1A921E0200561ED9 /* ZIMCartItemTableViewCell.xib */ = {isa = PBXFileReference; fileEncoding = 4; lastKnownFileType = file.xib; name = ZIMCartItemTableViewCell.xib; path = Views/ZIMCartItemTableViewCell.xib; sourceTree = "<group>"; };
		F33321171A92257000561ED9 /* ZIMDMListItem.h */ = {isa = PBXFileReference; fileEncoding = 4; lastKnownFileType = sourcecode.c.h; path = ZIMDMListItem.h; sourceTree = "<group>"; };
		F33321181A92257000561ED9 /* ZIMDMListItem.m */ = {isa = PBXFileReference; fileEncoding = 4; lastKnownFileType = sourcecode.c.objc; path = ZIMDMListItem.m; sourceTree = "<group>"; };
		F333211A1A92271100561ED9 /* ZIMDMListCategory.h */ = {isa = PBXFileReference; fileEncoding = 4; lastKnownFileType = sourcecode.c.h; path = ZIMDMListCategory.h; sourceTree = "<group>"; };
		F333211B1A92271100561ED9 /* ZIMDMListCategory.m */ = {isa = PBXFileReference; fileEncoding = 4; lastKnownFileType = sourcecode.c.objc; path = ZIMDMListCategory.m; sourceTree = "<group>"; };
		F333211D1A92280400561ED9 /* ZIMListControllerProtocol.h */ = {isa = PBXFileReference; fileEncoding = 4; lastKnownFileType = sourcecode.c.h; path = ZIMListControllerProtocol.h; sourceTree = "<group>"; };
		F333211F1A92296500561ED9 /* ZIMYapDmListItem.h */ = {isa = PBXFileReference; fileEncoding = 4; lastKnownFileType = sourcecode.c.h; path = ZIMYapDmListItem.h; sourceTree = "<group>"; };
		F33321201A92296500561ED9 /* ZIMYapDmListItem.m */ = {isa = PBXFileReference; fileEncoding = 4; lastKnownFileType = sourcecode.c.objc; path = ZIMYapDmListItem.m; sourceTree = "<group>"; };
		F33321221A9229D200561ED9 /* ZIMYapShoppingCartListController.h */ = {isa = PBXFileReference; fileEncoding = 4; lastKnownFileType = sourcecode.c.h; path = ZIMYapShoppingCartListController.h; sourceTree = "<group>"; };
		F33321231A9229D200561ED9 /* ZIMYapShoppingCartListController.m */ = {isa = PBXFileReference; fileEncoding = 4; lastKnownFileType = sourcecode.c.objc; path = ZIMYapShoppingCartListController.m; sourceTree = "<group>"; };
		F33321251A922A6200561ED9 /* ZIMShoppingCartListProtocol.h */ = {isa = PBXFileReference; fileEncoding = 4; lastKnownFileType = sourcecode.c.h; path = ZIMShoppingCartListProtocol.h; sourceTree = "<group>"; };
		F33321271A92332F00561ED9 /* ZIMListControllersFabricProtocol.h */ = {isa = PBXFileReference; fileEncoding = 4; lastKnownFileType = sourcecode.c.h; path = ZIMListControllersFabricProtocol.h; sourceTree = "<group>"; };
		F33321281A92339C00561ED9 /* ZIMListControllersFabric.h */ = {isa = PBXFileReference; fileEncoding = 4; lastKnownFileType = sourcecode.c.h; path = ZIMListControllersFabric.h; sourceTree = "<group>"; };
		F33321291A92339C00561ED9 /* ZIMListControllersFabric.m */ = {isa = PBXFileReference; fileEncoding = 4; lastKnownFileType = sourcecode.c.objc; path = ZIMListControllersFabric.m; sourceTree = "<group>"; };
		F333212B1A92351700561ED9 /* ZIMYapListControllerFablic.h */ = {isa = PBXFileReference; fileEncoding = 4; lastKnownFileType = sourcecode.c.h; path = ZIMYapListControllerFablic.h; sourceTree = "<group>"; };
		F333212C1A92351700561ED9 /* ZIMYapListControllerFablic.m */ = {isa = PBXFileReference; fileEncoding = 4; lastKnownFileType = sourcecode.c.objc; path = ZIMYapListControllerFablic.m; sourceTree = "<group>"; };
		F333212E1A923FF100561ED9 /* ZIMListChanges.h */ = {isa = PBXFileReference; fileEncoding = 4; lastKnownFileType = sourcecode.c.h; path = ZIMListChanges.h; sourceTree = "<group>"; };
		F333212F1A923FF100561ED9 /* ZIMListChanges.m */ = {isa = PBXFileReference; fileEncoding = 4; lastKnownFileType = sourcecode.c.objc; path = ZIMListChanges.m; sourceTree = "<group>"; };
		F33321311A924B1C00561ED9 /* UITableViewController+ZIMListDelegateProtocol.h */ = {isa = PBXFileReference; fileEncoding = 4; lastKnownFileType = sourcecode.c.h; path = "UITableViewController+ZIMListDelegateProtocol.h"; sourceTree = "<group>"; };
		F33321321A924B1C00561ED9 /* UITableViewController+ZIMListDelegateProtocol.m */ = {isa = PBXFileReference; fileEncoding = 4; lastKnownFileType = sourcecode.c.objc; path = "UITableViewController+ZIMListDelegateProtocol.m"; sourceTree = "<group>"; };
		F33321391A9258CB00561ED9 /* ZIMYapListItem.h */ = {isa = PBXFileReference; fileEncoding = 4; lastKnownFileType = sourcecode.c.h; path = ZIMYapListItem.h; sourceTree = "<group>"; };
		F333213A1A9258CB00561ED9 /* ZIMYapListItem.m */ = {isa = PBXFileReference; fileEncoding = 4; lastKnownFileType = sourcecode.c.objc; path = ZIMYapListItem.m; sourceTree = "<group>"; };
		F3A6FBD31A93D082009472A4 /* ZIMYapStotage+ZIMJSONDataImport.h */ = {isa = PBXFileReference; fileEncoding = 4; lastKnownFileType = sourcecode.c.h; path = "ZIMYapStotage+ZIMJSONDataImport.h"; sourceTree = "<group>"; };
		F3A6FBD41A93D082009472A4 /* ZIMYapStotage+ZIMJSONDataImport.m */ = {isa = PBXFileReference; fileEncoding = 4; lastKnownFileType = sourcecode.c.objc; path = "ZIMYapStotage+ZIMJSONDataImport.m"; sourceTree = "<group>"; };
		F3A6FBD61A94CF54009472A4 /* ZIMGoodsCatalogListProtocol.h */ = {isa = PBXFileReference; fileEncoding = 4; lastKnownFileType = sourcecode.c.h; path = ZIMGoodsCatalogListProtocol.h; sourceTree = "<group>"; };
		F3A6FBD71A94DC5B009472A4 /* YapDatabaseViewConnection+ZIMGetChanges.h */ = {isa = PBXFileReference; fileEncoding = 4; lastKnownFileType = sourcecode.c.h; path = "YapDatabaseViewConnection+ZIMGetChanges.h"; sourceTree = "<group>"; };
		F3A6FBD81A94DC5B009472A4 /* YapDatabaseViewConnection+ZIMGetChanges.m */ = {isa = PBXFileReference; fileEncoding = 4; lastKnownFileType = sourcecode.c.objc; path = "YapDatabaseViewConnection+ZIMGetChanges.m"; sourceTree = "<group>"; };
		F3A6FBDA1A94F392009472A4 /* ZIMAppearanceController.h */ = {isa = PBXFileReference; fileEncoding = 4; lastKnownFileType = sourcecode.c.h; path = ZIMAppearanceController.h; sourceTree = "<group>"; };
		F3A6FBDB1A94F392009472A4 /* ZIMAppearanceController.m */ = {isa = PBXFileReference; fileEncoding = 4; lastKnownFileType = sourcecode.c.objc; path = ZIMAppearanceController.m; sourceTree = "<group>"; };
		F3A6FBE31A95DE7D009472A4 /* ZIMCatalogItemCell.h */ = {isa = PBXFileReference; fileEncoding = 4; lastKnownFileType = sourcecode.c.h; path = ZIMCatalogItemCell.h; sourceTree = "<group>"; };
		F3A6FBE41A95DE7D009472A4 /* ZIMCatalogItemCell.m */ = {isa = PBXFileReference; fileEncoding = 4; lastKnownFileType = sourcecode.c.objc; path = ZIMCatalogItemCell.m; sourceTree = "<group>"; };
		F3A6FBE51A95DE7D009472A4 /* ZIMCatalogItemCell.xib */ = {isa = PBXFileReference; fileEncoding = 4; lastKnownFileType = file.xib; path = ZIMCatalogItemCell.xib; sourceTree = "<group>"; };
		F3A6FBE81A9613CB009472A4 /* testData.json */ = {isa = PBXFileReference; fileEncoding = 4; lastKnownFileType = text.json; path = testData.json; sourceTree = "<group>"; };
		F3B57C691A962E53000CB9E7 /* UIView+ZIMNibForViewClass.h */ = {isa = PBXFileReference; fileEncoding = 4; lastKnownFileType = sourcecode.c.h; path = "UIView+ZIMNibForViewClass.h"; sourceTree = "<group>"; };
		F3B57C6A1A962E53000CB9E7 /* UIView+ZIMNibForViewClass.m */ = {isa = PBXFileReference; fileEncoding = 4; lastKnownFileType = sourcecode.c.objc; path = "UIView+ZIMNibForViewClass.m"; sourceTree = "<group>"; };
/* End PBXFileReference section */

/* Begin PBXFrameworksBuildPhase section */
		F33320DA1A921C3400561ED9 /* Frameworks */ = {
			isa = PBXFrameworksBuildPhase;
			buildActionMask = 2147483647;
			files = (
				0DE131267CA0EA034DEB7FB6 /* libPods-ShoppingCart.a in Frameworks */,
			);
			runOnlyForDeploymentPostprocessing = 0;
		};
		F33320F31A921C3400561ED9 /* Frameworks */ = {
			isa = PBXFrameworksBuildPhase;
			buildActionMask = 2147483647;
			files = (
			);
			runOnlyForDeploymentPostprocessing = 0;
		};
/* End PBXFrameworksBuildPhase section */

/* Begin PBXGroup section */
		21D7312C4EB1C8E9CA99AB52 /* Pods */ = {
			isa = PBXGroup;
			children = (
				6857D680C1EE64BDAFE847BE /* Pods-ShoppingCart.debug.xcconfig */,
				792E599313CB0AD8540A6E10 /* Pods-ShoppingCart.release.xcconfig */,
			);
			name = Pods;
			sourceTree = "<group>";
		};
		E066507761E1AE2F7985146D /* Frameworks */ = {
			isa = PBXGroup;
			children = (
				B33C38E0F59D63794B2F77DF /* libPods-ShoppingCart.a */,
			);
			name = Frameworks;
			sourceTree = "<group>";
		};
		F303F9F01A925D2400582FE8 /* PresentationDataModel */ = {
			isa = PBXGroup;
			children = (
				F303F9ED1A925C1800582FE8 /* ZIMYapDmListCategory.h */,
				F303F9EE1A925C1800582FE8 /* ZIMYapDmListCategory.m */,
				F333211F1A92296500561ED9 /* ZIMYapDmListItem.h */,
				F33321201A92296500561ED9 /* ZIMYapDmListItem.m */,
			);
			name = PresentationDataModel;
			sourceTree = "<group>";
		};
		F303FA0F1A938F9700582FE8 /* YapDatabaseHelpers */ = {
			isa = PBXGroup;
			children = (
				F3A6FBD71A94DC5B009472A4 /* YapDatabaseViewConnection+ZIMGetChanges.h */,
				F3A6FBD81A94DC5B009472A4 /* YapDatabaseViewConnection+ZIMGetChanges.m */,
				F303F9F71A9276BB00582FE8 /* ZIMStorageGoodsItem+ZIMYapRetrieving.h */,
				F303F9F81A9276BB00582FE8 /* ZIMStorageGoodsItem+ZIMYapRetrieving.m */,
				F303F9FD1A9359DD00582FE8 /* ZIMStorageCategory+ZIMYapRetrieving.h */,
				F303F9FE1A9359DD00582FE8 /* ZIMStorageCategory+ZIMYapRetrieving.m */,
				F303FA091A9388FC00582FE8 /* ZIMStorageShoppingCartItem+ZIMYapRetrieving.h */,
				F303FA0A1A9388FC00582FE8 /* ZIMStorageShoppingCartItem+ZIMYapRetrieving.m */,
			);
			name = YapDatabaseHelpers;
			sourceTree = "<group>";
		};
		F30E04E91A93CD5100D4EB59 /* ZIMCartItemCellConfigurator */ = {
			isa = PBXGroup;
			children = (
				F30E04E01A93C4AE00D4EB59 /* ZIMCartItemCellConfigurator.h */,
				F30E04E11A93C4AE00D4EB59 /* ZIMCartItemCellConfigurator.m */,
				F30E04DD1A93C46900D4EB59 /* ZIMCartItemUndoneCellConfigurator.h */,
				F30E04DE1A93C46900D4EB59 /* ZIMCartItemUndoneCellConfigurator.m */,
				F30E04E31A93CB1900D4EB59 /* ZIMCartItemDoneCellConfigurator.h */,
				F30E04E41A93CB1900D4EB59 /* ZIMCartItemDoneCellConfigurator.m */,
				F30E04E61A93CBB100D4EB59 /* ZIMCartItemLaterCellConfigurator.h */,
				F30E04E71A93CBB100D4EB59 /* ZIMCartItemLaterCellConfigurator.m */,
			);
			name = ZIMCartItemCellConfigurator;
			sourceTree = "<group>";
		};
		F33320D41A921C3400561ED9 = {
			isa = PBXGroup;
			children = (
				F33320DF1A921C3400561ED9 /* ShoppingCart */,
				F33320F91A921C3400561ED9 /* ShoppingCartTests */,
				F33320DE1A921C3400561ED9 /* Products */,
				21D7312C4EB1C8E9CA99AB52 /* Pods */,
				E066507761E1AE2F7985146D /* Frameworks */,
			);
			sourceTree = "<group>";
		};
		F33320DE1A921C3400561ED9 /* Products */ = {
			isa = PBXGroup;
			children = (
				F33320DD1A921C3400561ED9 /* ShoppingCart.app */,
				F33320F61A921C3400561ED9 /* ShoppingCartTests.xctest */,
			);
			name = Products;
			sourceTree = "<group>";
		};
		F33320DF1A921C3400561ED9 /* ShoppingCart */ = {
			isa = PBXGroup;
			children = (
				F3A6FBE81A9613CB009472A4 /* testData.json */,
				F3B57C6E1A9636A2000CB9E7 /* Resources */,
				F333211E1A92293000561ED9 /* YapShoppingList */,
				F33321131A92251000561ED9 /* AbstractShoppingList */,
				F333210A1A921DB500561ED9 /* Views */,
				F33321061A921C5200561ED9 /* ViewControllers */,
				F33320E01A921C3400561ED9 /* Supporting Files */,
				F33320E41A921C3400561ED9 /* AppDelegate.h */,
				F33320E51A921C3400561ED9 /* AppDelegate.m */,
				F3A6FBDA1A94F392009472A4 /* ZIMAppearanceController.h */,
				F3A6FBDB1A94F392009472A4 /* ZIMAppearanceController.m */,
			);
			path = ShoppingCart;
			sourceTree = "<group>";
		};
		F33320E01A921C3400561ED9 /* Supporting Files */ = {
			isa = PBXGroup;
			children = (
				F33320E11A921C3400561ED9 /* Info.plist */,
				F33320E21A921C3400561ED9 /* main.m */,
			);
			name = "Supporting Files";
			sourceTree = "<group>";
		};
		F33320F91A921C3400561ED9 /* ShoppingCartTests */ = {
			isa = PBXGroup;
			children = (
				F33320FC1A921C3400561ED9 /* ShoppingCartTests.m */,
				F33320FA1A921C3400561ED9 /* Supporting Files */,
			);
			path = ShoppingCartTests;
			sourceTree = "<group>";
		};
		F33320FA1A921C3400561ED9 /* Supporting Files */ = {
			isa = PBXGroup;
			children = (
				F33320FB1A921C3400561ED9 /* Info.plist */,
			);
			name = "Supporting Files";
			sourceTree = "<group>";
		};
		F33321061A921C5200561ED9 /* ViewControllers */ = {
			isa = PBXGroup;
			children = (
				F30E04E91A93CD5100D4EB59 /* ZIMCartItemCellConfigurator */,
				F33321071A921CAC00561ED9 /* ZIMShoppingListViewController.h */,
				F33321081A921CAC00561ED9 /* ZIMShoppingListViewController.m */,
				F303FA031A936C8600582FE8 /* ZIMGoodsCatalogViewController.h */,
				F303FA041A936C8600582FE8 /* ZIMGoodsCatalogViewController.m */,
				F33321311A924B1C00561ED9 /* UITableViewController+ZIMListDelegateProtocol.h */,
				F33321321A924B1C00561ED9 /* UITableViewController+ZIMListDelegateProtocol.m */,
			);
			name = ViewControllers;
			sourceTree = "<group>";
		};
		F333210A1A921DB500561ED9 /* Views */ = {
			isa = PBXGroup;
			children = (
				F333210B1A921E0200561ED9 /* ZIMCartItemTableViewCell.h */,
				F333210C1A921E0200561ED9 /* ZIMCartItemTableViewCell.m */,
				F333210D1A921E0200561ED9 /* ZIMCartItemTableViewCell.xib */,
				F3A6FBE31A95DE7D009472A4 /* ZIMCatalogItemCell.h */,
				F3A6FBE41A95DE7D009472A4 /* ZIMCatalogItemCell.m */,
				F3A6FBE51A95DE7D009472A4 /* ZIMCatalogItemCell.xib */,
				F3B57C691A962E53000CB9E7 /* UIView+ZIMNibForViewClass.h */,
				F3B57C6A1A962E53000CB9E7 /* UIView+ZIMNibForViewClass.m */,
			);
			name = Views;
			sourceTree = "<group>";
		};
		F33321131A92251000561ED9 /* AbstractShoppingList */ = {
			isa = PBXGroup;
			children = (
				F33321261A92330800561ED9 /* DataModel */,
				F333212E1A923FF100561ED9 /* ZIMListChanges.h */,
				F333212F1A923FF100561ED9 /* ZIMListChanges.m */,
				F333211D1A92280400561ED9 /* ZIMListControllerProtocol.h */,
				F33321251A922A6200561ED9 /* ZIMShoppingCartListProtocol.h */,
				F3A6FBD61A94CF54009472A4 /* ZIMGoodsCatalogListProtocol.h */,
				F33321271A92332F00561ED9 /* ZIMListControllersFabricProtocol.h */,
				F33321281A92339C00561ED9 /* ZIMListControllersFabric.h */,
				F33321291A92339C00561ED9 /* ZIMListControllersFabric.m */,
			);
			name = AbstractShoppingList;
			sourceTree = "<group>";
		};
		F333211E1A92293000561ED9 /* YapShoppingList */ = {
			isa = PBXGroup;
			children = (
				F333212B1A92351700561ED9 /* ZIMYapListControllerFablic.h */,
				F333212C1A92351700561ED9 /* ZIMYapListControllerFablic.m */,
				F3B57C6C1A9633CA000CB9E7 /* ListControllers */,
				F303F9F01A925D2400582FE8 /* PresentationDataModel */,
				F33321381A92589200561ED9 /* YapDataModel */,
				F303FA0F1A938F9700582FE8 /* YapDatabaseHelpers */,
				F3B57C6D1A96349E000CB9E7 /* YapDatabase */,
			);
			name = YapShoppingList;
			sourceTree = "<group>";
		};
		F33321261A92330800561ED9 /* DataModel */ = {
			isa = PBXGroup;
			children = (
				F33321171A92257000561ED9 /* ZIMDMListItem.h */,
				F33321181A92257000561ED9 /* ZIMDMListItem.m */,
				F333211A1A92271100561ED9 /* ZIMDMListCategory.h */,
				F333211B1A92271100561ED9 /* ZIMDMListCategory.m */,
			);
			name = DataModel;
			sourceTree = "<group>";
		};
		F33321381A92589200561ED9 /* YapDataModel */ = {
			isa = PBXGroup;
			children = (
				F33321391A9258CB00561ED9 /* ZIMYapListItem.h */,
				F333213A1A9258CB00561ED9 /* ZIMYapListItem.m */,
				F303F9E71A925A2200582FE8 /* ZIMYapGoodsItem.h */,
				F303F9E81A925A2200582FE8 /* ZIMYapGoodsItem.m */,
				F303F9EA1A925A5500582FE8 /* ZIMYapListCategory.h */,
				F303F9EB1A925A5500582FE8 /* ZIMYapListCategory.m */,
			);
			name = YapDataModel;
			sourceTree = "<group>";
		};
		F3B57C6C1A9633CA000CB9E7 /* ListControllers */ = {
			isa = PBXGroup;
			children = (
				F33321221A9229D200561ED9 /* ZIMYapShoppingCartListController.h */,
				F33321231A9229D200561ED9 /* ZIMYapShoppingCartListController.m */,
				F303FA001A9364AD00582FE8 /* ZIMYapGoodsCatalogListController.h */,
				F303FA011A9364AD00582FE8 /* ZIMYapGoodsCatalogListController.m */,
			);
			name = ListControllers;
			sourceTree = "<group>";
		};
		F3B57C6D1A96349E000CB9E7 /* YapDatabase */ = {
			isa = PBXGroup;
			children = (
				F303FA101A939B6F00582FE8 /* ZIMYapStotage.h */,
				F303FA111A939B6F00582FE8 /* ZIMYapStotage.m */,
				F303FA0C1A938A7700582FE8 /* ZIMYapStotage+ZIMShoppingListManipulations.h */,
				F303FA0D1A938A7700582FE8 /* ZIMYapStotage+ZIMShoppingListManipulations.m */,
				F3A6FBD31A93D082009472A4 /* ZIMYapStotage+ZIMJSONDataImport.h */,
				F3A6FBD41A93D082009472A4 /* ZIMYapStotage+ZIMJSONDataImport.m */,
			);
			name = YapDatabase;
			sourceTree = "<group>";
		};
		F3B57C6E1A9636A2000CB9E7 /* Resources */ = {
			isa = PBXGroup;
			children = (
				F33320EF1A921C3400561ED9 /* LaunchScreen.xib */,
				F33320EA1A921C3400561ED9 /* Main.storyboard */,
				F33320ED1A921C3400561ED9 /* Images.xcassets */,
			);
			name = Resources;
			sourceTree = "<group>";
		};
/* End PBXGroup section */

/* Begin PBXNativeTarget section */
		F33320DC1A921C3400561ED9 /* ShoppingCart */ = {
			isa = PBXNativeTarget;
			buildConfigurationList = F33321001A921C3400561ED9 /* Build configuration list for PBXNativeTarget "ShoppingCart" */;
			buildPhases = (
				FC93A9A07D26BAC5FE1B76B6 /* Check Pods Manifest.lock */,
				F33320D91A921C3400561ED9 /* Sources */,
				F33320DA1A921C3400561ED9 /* Frameworks */,
				F33320DB1A921C3400561ED9 /* Resources */,
				CF2652007E72ADEDA4D353F1 /* Copy Pods Resources */,
			);
			buildRules = (
			);
			dependencies = (
			);
			name = ShoppingCart;
			productName = ShoppingCart;
			productReference = F33320DD1A921C3400561ED9 /* ShoppingCart.app */;
			productType = "com.apple.product-type.application";
		};
		F33320F51A921C3400561ED9 /* ShoppingCartTests */ = {
			isa = PBXNativeTarget;
			buildConfigurationList = F33321031A921C3400561ED9 /* Build configuration list for PBXNativeTarget "ShoppingCartTests" */;
			buildPhases = (
				F33320F21A921C3400561ED9 /* Sources */,
				F33320F31A921C3400561ED9 /* Frameworks */,
				F33320F41A921C3400561ED9 /* Resources */,
			);
			buildRules = (
			);
			dependencies = (
				F33320F81A921C3400561ED9 /* PBXTargetDependency */,
			);
			name = ShoppingCartTests;
			productName = ShoppingCartTests;
			productReference = F33320F61A921C3400561ED9 /* ShoppingCartTests.xctest */;
			productType = "com.apple.product-type.bundle.unit-test";
		};
/* End PBXNativeTarget section */

/* Begin PBXProject section */
		F33320D51A921C3400561ED9 /* Project object */ = {
			isa = PBXProject;
			attributes = {
				CLASSPREFIX = ZIM;
				LastUpgradeCheck = 0610;
				ORGANIZATIONNAME = zim;
				TargetAttributes = {
					F33320DC1A921C3400561ED9 = {
						CreatedOnToolsVersion = 6.1.1;
					};
					F33320F51A921C3400561ED9 = {
						CreatedOnToolsVersion = 6.1.1;
						TestTargetID = F33320DC1A921C3400561ED9;
					};
				};
			};
			buildConfigurationList = F33320D81A921C3400561ED9 /* Build configuration list for PBXProject "ShoppingCart" */;
			compatibilityVersion = "Xcode 3.2";
			developmentRegion = English;
			hasScannedForEncodings = 0;
			knownRegions = (
				en,
				Base,
			);
			mainGroup = F33320D41A921C3400561ED9;
			productRefGroup = F33320DE1A921C3400561ED9 /* Products */;
			projectDirPath = "";
			projectRoot = "";
			targets = (
				F33320DC1A921C3400561ED9 /* ShoppingCart */,
				F33320F51A921C3400561ED9 /* ShoppingCartTests */,
			);
		};
/* End PBXProject section */

/* Begin PBXResourcesBuildPhase section */
		F33320DB1A921C3400561ED9 /* Resources */ = {
			isa = PBXResourcesBuildPhase;
			buildActionMask = 2147483647;
			files = (
				F33320EC1A921C3400561ED9 /* Main.storyboard in Resources */,
				F333210F1A921E0200561ED9 /* ZIMCartItemTableViewCell.xib in Resources */,
				F3A6FBE71A95DE7D009472A4 /* ZIMCatalogItemCell.xib in Resources */,
				F3A6FBE91A9613CB009472A4 /* testData.json in Resources */,
				F33320F11A921C3400561ED9 /* LaunchScreen.xib in Resources */,
				F33320EE1A921C3400561ED9 /* Images.xcassets in Resources */,
			);
			runOnlyForDeploymentPostprocessing = 0;
		};
		F33320F41A921C3400561ED9 /* Resources */ = {
			isa = PBXResourcesBuildPhase;
			buildActionMask = 2147483647;
			files = (
			);
			runOnlyForDeploymentPostprocessing = 0;
		};
/* End PBXResourcesBuildPhase section */

/* Begin PBXShellScriptBuildPhase section */
		CF2652007E72ADEDA4D353F1 /* Copy Pods Resources */ = {
			isa = PBXShellScriptBuildPhase;
			buildActionMask = 2147483647;
			files = (
			);
			inputPaths = (
			);
			name = "Copy Pods Resources";
			outputPaths = (
			);
			runOnlyForDeploymentPostprocessing = 0;
			shellPath = /bin/sh;
			shellScript = "\"${SRCROOT}/Pods/Target Support Files/Pods-ShoppingCart/Pods-ShoppingCart-resources.sh\"\n";
			showEnvVarsInLog = 0;
		};
		FC93A9A07D26BAC5FE1B76B6 /* Check Pods Manifest.lock */ = {
			isa = PBXShellScriptBuildPhase;
			buildActionMask = 2147483647;
			files = (
			);
			inputPaths = (
			);
			name = "Check Pods Manifest.lock";
			outputPaths = (
			);
			runOnlyForDeploymentPostprocessing = 0;
			shellPath = /bin/sh;
			shellScript = "diff \"${PODS_ROOT}/../Podfile.lock\" \"${PODS_ROOT}/Manifest.lock\" > /dev/null\nif [[ $? != 0 ]] ; then\n    cat << EOM\nerror: The sandbox is not in sync with the Podfile.lock. Run 'pod install' or update your CocoaPods installation.\nEOM\n    exit 1\nfi\n";
			showEnvVarsInLog = 0;
		};
/* End PBXShellScriptBuildPhase section */

/* Begin PBXSourcesBuildPhase section */
		F33320D91A921C3400561ED9 /* Sources */ = {
			isa = PBXSourcesBuildPhase;
			buildActionMask = 2147483647;
			files = (
				F3A6FBE61A95DE7D009472A4 /* ZIMCatalogItemCell.m in Sources */,
				F303FA0E1A938A7700582FE8 /* ZIMYapStotage+ZIMShoppingListManipulations.m in Sources */,
				F303F9F91A9276BB00582FE8 /* ZIMStorageGoodsItem+ZIMYapRetrieving.m in Sources */,
				F33321301A923FF100561ED9 /* ZIMListChanges.m in Sources */,
				F30E04DF1A93C46900D4EB59 /* ZIMCartItemUndoneCellConfigurator.m in Sources */,
				F333212D1A92351700561ED9 /* ZIMYapListControllerFablic.m in Sources */,
				F303F9FF1A9359DD00582FE8 /* ZIMStorageCategory+ZIMYapRetrieving.m in Sources */,
				F303F9EC1A925A5500582FE8 /* ZIMYapListCategory.m in Sources */,
				F333211C1A92271100561ED9 /* ZIMDMListCategory.m in Sources */,
				F33320E61A921C3400561ED9 /* AppDelegate.m in Sources */,
				F33321211A92296500561ED9 /* ZIMYapDmListItem.m in Sources */,
				F303FA121A939B6F00582FE8 /* ZIMYapStotage.m in Sources */,
				F303F9E91A925A2200582FE8 /* ZIMYapGoodsItem.m in Sources */,
				F3A6FBD51A93D082009472A4 /* ZIMYapStotage+ZIMJSONDataImport.m in Sources */,
				F30E04E81A93CBB100D4EB59 /* ZIMCartItemLaterCellConfigurator.m in Sources */,
				F333212A1A92339C00561ED9 /* ZIMListControllersFabric.m in Sources */,
				F33321191A92257000561ED9 /* ZIMDMListItem.m in Sources */,
				F303F9EF1A925C1800582FE8 /* ZIMYapDmListCategory.m in Sources */,
				F33321241A9229D200561ED9 /* ZIMYapShoppingCartListController.m in Sources */,
				F3A6FBDC1A94F392009472A4 /* ZIMAppearanceController.m in Sources */,
				F333210E1A921E0200561ED9 /* ZIMCartItemTableViewCell.m in Sources */,
				F303FA021A9364AD00582FE8 /* ZIMYapGoodsCatalogListController.m in Sources */,
				F303FA051A936C8600582FE8 /* ZIMGoodsCatalogViewController.m in Sources */,
				F3A6FBD91A94DC5B009472A4 /* YapDatabaseViewConnection+ZIMGetChanges.m in Sources */,
				F303FA0B1A9388FC00582FE8 /* ZIMStorageShoppingCartItem+ZIMYapRetrieving.m in Sources */,
				F30E04E51A93CB1900D4EB59 /* ZIMCartItemDoneCellConfigurator.m in Sources */,
				F33321091A921CAC00561ED9 /* ZIMShoppingListViewController.m in Sources */,
				F3B57C6B1A962E53000CB9E7 /* UIView+ZIMNibForViewClass.m in Sources */,
				F33320E31A921C3400561ED9 /* main.m in Sources */,
				F333213B1A9258CB00561ED9 /* ZIMYapListItem.m in Sources */,
				F33321331A924B1C00561ED9 /* UITableViewController+ZIMListDelegateProtocol.m in Sources */,
				F30E04E21A93C4AE00D4EB59 /* ZIMCartItemCellConfigurator.m in Sources */,
			);
			runOnlyForDeploymentPostprocessing = 0;
		};
		F33320F21A921C3400561ED9 /* Sources */ = {
			isa = PBXSourcesBuildPhase;
			buildActionMask = 2147483647;
			files = (
				F33320FD1A921C3400561ED9 /* ShoppingCartTests.m in Sources */,
			);
			runOnlyForDeploymentPostprocessing = 0;
		};
/* End PBXSourcesBuildPhase section */

/* Begin PBXTargetDependency section */
		F33320F81A921C3400561ED9 /* PBXTargetDependency */ = {
			isa = PBXTargetDependency;
			target = F33320DC1A921C3400561ED9 /* ShoppingCart */;
			targetProxy = F33320F71A921C3400561ED9 /* PBXContainerItemProxy */;
		};
/* End PBXTargetDependency section */

/* Begin PBXVariantGroup section */
		F33320EA1A921C3400561ED9 /* Main.storyboard */ = {
			isa = PBXVariantGroup;
			children = (
				F33320EB1A921C3400561ED9 /* Base */,
			);
			name = Main.storyboard;
			sourceTree = "<group>";
		};
		F33320EF1A921C3400561ED9 /* LaunchScreen.xib */ = {
			isa = PBXVariantGroup;
			children = (
				F33320F01A921C3400561ED9 /* Base */,
			);
			name = LaunchScreen.xib;
			sourceTree = "<group>";
		};
/* End PBXVariantGroup section */

/* Begin XCBuildConfiguration section */
		F33320FE1A921C3400561ED9 /* Debug */ = {
			isa = XCBuildConfiguration;
			buildSettings = {
				ALWAYS_SEARCH_USER_PATHS = NO;
				CLANG_CXX_LANGUAGE_STANDARD = "gnu++0x";
				CLANG_CXX_LIBRARY = "libc++";
				CLANG_ENABLE_MODULES = YES;
				CLANG_ENABLE_OBJC_ARC = YES;
				CLANG_WARN_BOOL_CONVERSION = YES;
				CLANG_WARN_CONSTANT_CONVERSION = YES;
				CLANG_WARN_DIRECT_OBJC_ISA_USAGE = YES_ERROR;
				CLANG_WARN_EMPTY_BODY = YES;
				CLANG_WARN_ENUM_CONVERSION = YES;
				CLANG_WARN_INT_CONVERSION = YES;
				CLANG_WARN_OBJC_ROOT_CLASS = YES_ERROR;
				CLANG_WARN_UNREACHABLE_CODE = YES;
				CLANG_WARN__DUPLICATE_METHOD_MATCH = YES;
				"CODE_SIGN_IDENTITY[sdk=iphoneos*]" = "iPhone Developer";
				COPY_PHASE_STRIP = NO;
				ENABLE_STRICT_OBJC_MSGSEND = YES;
				GCC_C_LANGUAGE_STANDARD = gnu99;
				GCC_DYNAMIC_NO_PIC = NO;
				GCC_OPTIMIZATION_LEVEL = 0;
				GCC_PREPROCESSOR_DEFINITIONS = (
					"DEBUG=1",
					"$(inherited)",
				);
				GCC_SYMBOLS_PRIVATE_EXTERN = NO;
				GCC_WARN_64_TO_32_BIT_CONVERSION = YES;
				GCC_WARN_ABOUT_RETURN_TYPE = YES_ERROR;
				GCC_WARN_UNDECLARED_SELECTOR = YES;
				GCC_WARN_UNINITIALIZED_AUTOS = YES_AGGRESSIVE;
				GCC_WARN_UNUSED_FUNCTION = YES;
				GCC_WARN_UNUSED_VARIABLE = YES;
				IPHONEOS_DEPLOYMENT_TARGET = 8.1;
				MTL_ENABLE_DEBUG_INFO = YES;
				ONLY_ACTIVE_ARCH = YES;
				SDKROOT = iphoneos;
			};
			name = Debug;
		};
		F33320FF1A921C3400561ED9 /* Release */ = {
			isa = XCBuildConfiguration;
			buildSettings = {
				ALWAYS_SEARCH_USER_PATHS = NO;
				CLANG_CXX_LANGUAGE_STANDARD = "gnu++0x";
				CLANG_CXX_LIBRARY = "libc++";
				CLANG_ENABLE_MODULES = YES;
				CLANG_ENABLE_OBJC_ARC = YES;
				CLANG_WARN_BOOL_CONVERSION = YES;
				CLANG_WARN_CONSTANT_CONVERSION = YES;
				CLANG_WARN_DIRECT_OBJC_ISA_USAGE = YES_ERROR;
				CLANG_WARN_EMPTY_BODY = YES;
				CLANG_WARN_ENUM_CONVERSION = YES;
				CLANG_WARN_INT_CONVERSION = YES;
				CLANG_WARN_OBJC_ROOT_CLASS = YES_ERROR;
				CLANG_WARN_UNREACHABLE_CODE = YES;
				CLANG_WARN__DUPLICATE_METHOD_MATCH = YES;
				"CODE_SIGN_IDENTITY[sdk=iphoneos*]" = "iPhone Developer";
				COPY_PHASE_STRIP = YES;
				ENABLE_NS_ASSERTIONS = NO;
				ENABLE_STRICT_OBJC_MSGSEND = YES;
				GCC_C_LANGUAGE_STANDARD = gnu99;
				GCC_WARN_64_TO_32_BIT_CONVERSION = YES;
				GCC_WARN_ABOUT_RETURN_TYPE = YES_ERROR;
				GCC_WARN_UNDECLARED_SELECTOR = YES;
				GCC_WARN_UNINITIALIZED_AUTOS = YES_AGGRESSIVE;
				GCC_WARN_UNUSED_FUNCTION = YES;
				GCC_WARN_UNUSED_VARIABLE = YES;
				IPHONEOS_DEPLOYMENT_TARGET = 8.1;
				MTL_ENABLE_DEBUG_INFO = NO;
				SDKROOT = iphoneos;
				VALIDATE_PRODUCT = YES;
			};
			name = Release;
		};
		F33321011A921C3400561ED9 /* Debug */ = {
			isa = XCBuildConfiguration;
			baseConfigurationReference = 6857D680C1EE64BDAFE847BE /* Pods-ShoppingCart.debug.xcconfig */;
			buildSettings = {
				ASSETCATALOG_COMPILER_APPICON_NAME = AppIcon;
				INFOPLIST_FILE = ShoppingCart/Info.plist;
				LD_RUNPATH_SEARCH_PATHS = "$(inherited) @executable_path/Frameworks";
				PRODUCT_NAME = "$(TARGET_NAME)";
			};
			name = Debug;
		};
		F33321021A921C3400561ED9 /* Release */ = {
			isa = XCBuildConfiguration;
			baseConfigurationReference = 792E599313CB0AD8540A6E10 /* Pods-ShoppingCart.release.xcconfig */;
			buildSettings = {
				ASSETCATALOG_COMPILER_APPICON_NAME = AppIcon;
				INFOPLIST_FILE = ShoppingCart/Info.plist;
				LD_RUNPATH_SEARCH_PATHS = "$(inherited) @executable_path/Frameworks";
				PRODUCT_NAME = "$(TARGET_NAME)";
			};
			name = Release;
		};
		F33321041A921C3400561ED9 /* Debug */ = {
			isa = XCBuildConfiguration;
			buildSettings = {
				BUNDLE_LOADER = "$(TEST_HOST)";
				FRAMEWORK_SEARCH_PATHS = (
					"$(SDKROOT)/Developer/Library/Frameworks",
					"$(inherited)",
				);
				GCC_PREPROCESSOR_DEFINITIONS = (
					"DEBUG=1",
					"$(inherited)",
				);
				INFOPLIST_FILE = ShoppingCartTests/Info.plist;
				LD_RUNPATH_SEARCH_PATHS = "$(inherited) @executable_path/Frameworks @loader_path/Frameworks";
				PRODUCT_NAME = "$(TARGET_NAME)";
				TEST_HOST = "$(BUILT_PRODUCTS_DIR)/ShoppingCart.app/ShoppingCart";
			};
			name = Debug;
		};
		F33321051A921C3400561ED9 /* Release */ = {
			isa = XCBuildConfiguration;
			buildSettings = {
				BUNDLE_LOADER = "$(TEST_HOST)";
				FRAMEWORK_SEARCH_PATHS = (
					"$(SDKROOT)/Developer/Library/Frameworks",
					"$(inherited)",
				);
				INFOPLIST_FILE = ShoppingCartTests/Info.plist;
				LD_RUNPATH_SEARCH_PATHS = "$(inherited) @executable_path/Frameworks @loader_path/Frameworks";
				PRODUCT_NAME = "$(TARGET_NAME)";
				TEST_HOST = "$(BUILT_PRODUCTS_DIR)/ShoppingCart.app/ShoppingCart";
			};
			name = Release;
		};
/* End XCBuildConfiguration section */

/* Begin XCConfigurationList section */
		F33320D81A921C3400561ED9 /* Build configuration list for PBXProject "ShoppingCart" */ = {
			isa = XCConfigurationList;
			buildConfigurations = (
				F33320FE1A921C3400561ED9 /* Debug */,
				F33320FF1A921C3400561ED9 /* Release */,
			);
			defaultConfigurationIsVisible = 0;
			defaultConfigurationName = Release;
		};
		F33321001A921C3400561ED9 /* Build configuration list for PBXNativeTarget "ShoppingCart" */ = {
			isa = XCConfigurationList;
			buildConfigurations = (
				F33321011A921C3400561ED9 /* Debug */,
				F33321021A921C3400561ED9 /* Release */,
			);
			defaultConfigurationIsVisible = 0;
			defaultConfigurationName = Release;
		};
		F33321031A921C3400561ED9 /* Build configuration list for PBXNativeTarget "ShoppingCartTests" */ = {
			isa = XCConfigurationList;
			buildConfigurations = (
				F33321041A921C3400561ED9 /* Debug */,
				F33321051A921C3400561ED9 /* Release */,
			);
			defaultConfigurationIsVisible = 0;
			defaultConfigurationName = Release;
		};
/* End XCConfigurationList section */
	};
	rootObject = F33320D51A921C3400561ED9 /* Project object */;
}
